
Microsoft Visual Studio Solution File, Format Version 12.00
# Visual Studio Version 17
VisualStudioVersion = 17.7.34031.279
MinimumVisualStudioVersion = 10.0.40219.1
Project("{8BC9CEB8-8B4A-11D0-8D11-00A0C91BC942}") = "Assignment1Final", "Assignment1Final.vcxproj", "{01DE1E34-DA29-4AC9-9926-4D6B0D271150}"
EndProject
Global
	GlobalSection(SolutionConfigurationPlatforms) = preSolution
		Debug|x64 = Debug|x64
		Debug|x86 = Debug|x86
		Release|x64 = Release|x64
		Release|x86 = Release|x86
	EndGlobalSection
	GlobalSection(ProjectConfigurationPlatforms) = postSolution
		{01DE1E34-DA29-4AC9-9926-4D6B0D271150}.Debug|x64.ActiveCfg = Debug|x64
		{01DE1E34-DA29-4AC9-9926-4D6B0D271150}.Debug|x64.Build.0 = Debug|x64
		{01DE1E34-DA29-4AC9-9926-4D6B0D271150}.Debug|x86.ActiveCfg = Debug|Win32
		{01DE1E34-DA29-4AC9-9926-4D6B0D271150}.Debug|x86.Build.0 = Debug|Win32
		{01DE1E34-DA29-4AC9-9926-4D6B0D271150}.Release|x64.ActiveCfg = Release|x64
		{01DE1E34-DA29-4AC9-9926-4D6B0D271150}.Release|x64.Build.0 = Release|x64
		{01DE1E34-DA29-4AC9-9926-4D6B0D271150}.Release|x86.ActiveCfg = Release|Win32
		{01DE1E34-DA29-4AC9-9926-4D6B0D271150}.Release|x86.Build.0 = Release|Win32
	EndGlobalSection
	GlobalSection(SolutionProperties) = preSolution
		HideSolutionNode = FALSE
	EndGlobalSection
	GlobalSection(ExtensibilityGlobals) = postSolution
		SolutionGuid = {2F516808-B274-4BDD-B0E7-1AFEF1CCD6E5}
	EndGlobalSection
EndGlobal
